
Microsoft Visual Studio Solution File, Format Version 12.00
# Visual Studio 15
VisualStudioVersion = 15.0.28307.1082
MinimumVisualStudioVersion = 10.0.40219.1
Project("{FAE04EC0-301F-11D3-BF4B-00C04F79EFBC}") = "CodeFirst_Otopark", "CodeFirst_Otopark\CodeFirst_Otopark.csproj", "{69EB6E82-CAC3-4D66-9F1F-79FF351B8F58}"
EndProject
Global
	GlobalSection(SolutionConfigurationPlatforms) = preSolution
		Debug|Any CPU = Debug|Any CPU
		Release|Any CPU = Release|Any CPU
	EndGlobalSection
	GlobalSection(ProjectConfigurationPlatforms) = postSolution
		{69EB6E82-CAC3-4D66-9F1F-79FF351B8F58}.Debug|Any CPU.ActiveCfg = Debug|Any CPU
		{69EB6E82-CAC3-4D66-9F1F-79FF351B8F58}.Debug|Any CPU.Build.0 = Debug|Any CPU
		{69EB6E82-CAC3-4D66-9F1F-79FF351B8F58}.Release|Any CPU.ActiveCfg = Release|Any CPU
		{69EB6E82-CAC3-4D66-9F1F-79FF351B8F58}.Release|Any CPU.Build.0 = Release|Any CPU
	EndGlobalSection
	GlobalSection(SolutionProperties) = preSolution
		HideSolutionNode = FALSE
	EndGlobalSection
	GlobalSection(ExtensibilityGlobals) = postSolution
		SolutionGuid = {3391F203-F4F4-456E-9695-99AA56BBB223}
	EndGlobalSection
EndGlobal
